// !$*UTF8*$!
{
	archiveVersion = 1;
	classes = {
	};
	objectVersion = 46;
	objects = {

/* Begin PBXBuildFile section */
		003FD75A1B2A8493005BA38B /* main.m in Sources */ = {isa = PBXBuildFile; fileRef = 003FD7591B2A8493005BA38B /* main.m */; };
		003FD75D1B2A8493005BA38B /* AppDelegate.m in Sources */ = {isa = PBXBuildFile; fileRef = 003FD75C1B2A8493005BA38B /* AppDelegate.m */; };
		003FD7601B2A8493005BA38B /* ViewController.m in Sources */ = {isa = PBXBuildFile; fileRef = 003FD75F1B2A8493005BA38B /* ViewController.m */; };
		003FD7631B2A8493005BA38B /* Main.storyboard in Resources */ = {isa = PBXBuildFile; fileRef = 003FD7611B2A8493005BA38B /* Main.storyboard */; };
		003FD7651B2A8493005BA38B /* Images.xcassets in Resources */ = {isa = PBXBuildFile; fileRef = 003FD7641B2A8493005BA38B /* Images.xcassets */; };
		003FD7681B2A8493005BA38B /* LaunchScreen.xib in Resources */ = {isa = PBXBuildFile; fileRef = 003FD7661B2A8493005BA38B /* LaunchScreen.xib */; };
		003FD7741B2A8493005BA38B /* NSURLSessionExampleTests.m in Sources */ = {isa = PBXBuildFile; fileRef = 003FD7731B2A8493005BA38B /* NSURLSessionExampleTests.m */; };
/* End PBXBuildFile section */

/* Begin PBXContainerItemProxy section */
		003FD76E1B2A8493005BA38B /* PBXContainerItemProxy */ = {
			isa = PBXContainerItemProxy;
			containerPortal = 003FD74C1B2A8493005BA38B /* Project object */;
			proxyType = 1;
			remoteGlobalIDString = 003FD7531B2A8493005BA38B;
			remoteInfo = NSURLSessionExample;
		};
/* End PBXContainerItemProxy section */

/* Begin PBXFileReference section */
		003FD7541B2A8493005BA38B /* NSURLSessionExample.app */ = {isa = PBXFileReference; explicitFileType = wrapper.application; includeInIndex = 0; path = NSURLSessionExample.app; sourceTree = BUILT_PRODUCTS_DIR; };
		003FD7581B2A8493005BA38B /* Info.plist */ = {isa = PBXFileReference; lastKnownFileType = text.plist.xml; path = Info.plist; sourceTree = "<group>"; };
		003FD7591B2A8493005BA38B /* main.m */ = {isa = PBXFileReference; lastKnownFileType = sourcecode.c.objc; path = main.m; sourceTree = "<group>"; };
		003FD75B1B2A8493005BA38B /* AppDelegate.h */ = {isa = PBXFileReference; lastKnownFileType = sourcecode.c.h; path = AppDelegate.h; sourceTree = "<group>"; };
		003FD75C1B2A8493005BA38B /* AppDelegate.m */ = {isa = PBXFileReference; lastKnownFileType = sourcecode.c.objc; path = AppDelegate.m; sourceTree = "<group>"; };
		003FD75E1B2A8493005BA38B /* ViewController.h */ = {isa = PBXFileReference; lastKnownFileType = sourcecode.c.h; path = ViewController.h; sourceTree = "<group>"; };
		003FD75F1B2A8493005BA38B /* ViewController.m */ = {isa = PBXFileReference; lastKnownFileType = sourcecode.c.objc; path = ViewController.m; sourceTree = "<group>"; };
		003FD7621B2A8493005BA38B /* Base */ = {isa = PBXFileReference; lastKnownFileType = file.storyboard; name = Base; path = Base.lproj/Main.storyboard; sourceTree = "<group>"; };
		003FD7641B2A8493005BA38B /* Images.xcassets */ = {isa = PBXFileReference; lastKnownFileType = folder.assetcatalog; path = Images.xcassets; sourceTree = "<group>"; };
		003FD7671B2A8493005BA38B /* Base */ = {isa = PBXFileReference; lastKnownFileType = file.xib; name = Base; path = Base.lproj/LaunchScreen.xib; sourceTree = "<group>"; };
		003FD76D1B2A8493005BA38B /* NSURLSessionExampleTests.xctest */ = {isa = PBXFileReference; explicitFileType = wrapper.cfbundle; includeInIndex = 0; path = NSURLSessionExampleTests.xctest; sourceTree = BUILT_PRODUCTS_DIR; };
		003FD7721B2A8493005BA38B /* Info.plist */ = {isa = PBXFileReference; lastKnownFileType = text.plist.xml; path = Info.plist; sourceTree = "<group>"; };
		003FD7731B2A8493005BA38B /* NSURLSessionExampleTests.m */ = {isa = PBXFileReference; lastKnownFileType = sourcecode.c.objc; path = NSURLSessionExampleTests.m; sourceTree = "<group>"; };
/* End PBXFileReference section */

/* Begin PBXFrameworksBuildPhase section */
		003FD7511B2A8493005BA38B /* Frameworks */ = {
			isa = PBXFrameworksBuildPhase;
			buildActionMask = 2147483647;
			files = (
			);
			runOnlyForDeploymentPostprocessing = 0;
		};
		003FD76A1B2A8493005BA38B /* Frameworks */ = {
			isa = PBXFrameworksBuildPhase;
			buildActionMask = 2147483647;
			files = (
			);
			runOnlyForDeploymentPostprocessing = 0;
		};
/* End PBXFrameworksBuildPhase section */

/* Begin PBXGroup section */
		003FD74B1B2A8493005BA38B = {
			isa = PBXGroup;
			children = (
				003FD7561B2A8493005BA38B /* NSURLSessionExample */,
				003FD7701B2A8493005BA38B /* NSURLSessionExampleTests */,
				003FD7551B2A8493005BA38B /* Products */,
			);
			sourceTree = "<group>";
		};
		003FD7551B2A8493005BA38B /* Products */ = {
			isa = PBXGroup;
			children = (
				003FD7541B2A8493005BA38B /* NSURLSessionExample.app */,
				003FD76D1B2A8493005BA38B /* NSURLSessionExampleTests.xctest */,
			);
			name = Products;
			sourceTree = "<group>";
		};
		003FD7561B2A8493005BA38B /* NSURLSessionExample */ = {
			isa = PBXGroup;
			children = (
				003FD75B1B2A8493005BA38B /* AppDelegate.h */,
				003FD75C1B2A8493005BA38B /* AppDelegate.m */,
				003FD75E1B2A8493005BA38B /* ViewController.h */,
				003FD75F1B2A8493005BA38B /* ViewController.m */,
				003FD7611B2A8493005BA38B /* Main.storyboard */,
				003FD7641B2A8493005BA38B /* Images.xcassets */,
				003FD7661B2A8493005BA38B /* LaunchScreen.xib */,
				003FD7571B2A8493005BA38B /* Supporting Files */,
			);
			path = NSURLSessionExample;
			sourceTree = "<group>";
		};
		003FD7571B2A8493005BA38B /* Supporting Files */ = {
			isa = PBXGroup;
			children = (
				003FD7581B2A8493005BA38B /* Info.plist */,
				003FD7591B2A8493005BA38B /* main.m */,
			);
			name = "Supporting Files";
			sourceTree = "<group>";
		};
		003FD7701B2A8493005BA38B /* NSURLSessionExampleTests */ = {
			isa = PBXGroup;
			children = (
				003FD7731B2A8493005BA38B /* NSURLSessionExampleTests.m */,
				003FD7711B2A8493005BA38B /* Supporting Files */,
			);
			path = NSURLSessionExampleTests;
			sourceTree = "<group>";
		};
		003FD7711B2A8493005BA38B /* Supporting Files */ = {
			isa = PBXGroup;
			children = (
				003FD7721B2A8493005BA38B /* Info.plist */,
			);
			name = "Supporting Files";
			sourceTree = "<group>";
		};
/* End PBXGroup section */

/* Begin PBXNativeTarget section */
		003FD7531B2A8493005BA38B /* NSURLSessionExample */ = {
			isa = PBXNativeTarget;
			buildConfigurationList = 003FD7771B2A8493005BA38B /* Build configuration list for PBXNativeTarget "NSURLSessionExample" */;
			buildPhases = (
				003FD7501B2A8493005BA38B /* Sources */,
				003FD7511B2A8493005BA38B /* Frameworks */,
				003FD7521B2A8493005BA38B /* Resources */,
			);
			buildRules = (
			);
			dependencies = (
			);
			name = NSURLSessionExample;
			productName = NSURLSessionExample;
			productReference = 003FD7541B2A8493005BA38B /* NSURLSessionExample.app */;
			productType = "com.apple.product-type.application";
		};
		003FD76C1B2A8493005BA38B /* NSURLSessionExampleTests */ = {
			isa = PBXNativeTarget;
			buildConfigurationList = 003FD77A1B2A8493005BA38B /* Build configuration list for PBXNativeTarget "NSURLSessionExampleTests" */;
			buildPhases = (
				003FD7691B2A8493005BA38B /* Sources */,
				003FD76A1B2A8493005BA38B /* Frameworks */,
				003FD76B1B2A8493005BA38B /* Resources */,
			);
			buildRules = (
			);
			dependencies = (
				003FD76F1B2A8493005BA38B /* PBXTargetDependency */,
			);
			name = NSURLSessionExampleTests;
			productName = NSURLSessionExampleTests;
			productReference = 003FD76D1B2A8493005BA38B /* NSURLSessionExampleTests.xctest */;
			productType = "com.apple.product-type.bundle.unit-test";
		};
/* End PBXNativeTarget section */

/* Begin PBXProject section */
		003FD74C1B2A8493005BA38B /* Project object */ = {
			isa = PBXProject;
			attributes = {
				LastUpgradeCheck = 0630;
				ORGANIZATIONNAME = DingDang;
				TargetAttributes = {
					003FD7531B2A8493005BA38B = {
						CreatedOnToolsVersion = 6.3.2;
					};
					003FD76C1B2A8493005BA38B = {
						CreatedOnToolsVersion = 6.3.2;
						TestTargetID = 003FD7531B2A8493005BA38B;
					};
				};
			};
			buildConfigurationList = 003FD74F1B2A8493005BA38B /* Build configuration list for PBXProject "NSURLSessionExample" */;
			compatibilityVersion = "Xcode 3.2";
			developmentRegion = English;
			hasScannedForEncodings = 0;
			knownRegions = (
				en,
				Base,
			);
			mainGroup = 003FD74B1B2A8493005BA38B;
			productRefGroup = 003FD7551B2A8493005BA38B /* Products */;
			projectDirPath = "";
			projectRoot = "";
			targets = (
				003FD7531B2A8493005BA38B /* NSURLSessionExample */,
				003FD76C1B2A8493005BA38B /* NSURLSessionExampleTests */,
			);
		};
/* End PBXProject section */

/* Begin PBXResourcesBuildPhase section */
		003FD7521B2A8493005BA38B /* Resources */ = {
			isa = PBXResourcesBuildPhase;
			buildActionMask = 2147483647;
			files = (
				003FD7631B2A8493005BA38B /* Main.storyboard in Resources */,
				003FD7681B2A8493005BA38B /* LaunchScreen.xib in Resources */,
				003FD7651B2A8493005BA38B /* Images.xcassets in Resources */,
			);
			runOnlyForDeploymentPostprocessing = 0;
		};
		003FD76B1B2A8493005BA38B /* Resources */ = {
			isa = PBXResourcesBuildPhase;
			buildActionMask = 2147483647;
			files = (
			);
			runOnlyForDeploymentPostprocessing = 0;
		};
/* End PBXResourcesBuildPhase section */

/* Begin PBXSourcesBuildPhase section */
		003FD7501B2A8493005BA38B /* Sources */ = {
			isa = PBXSourcesBuildPhase;
			buildActionMask = 2147483647;
			files = (
				003FD7601B2A8493005BA38B /* ViewController.m in Sources */,
				003FD75D1B2A8493005BA38B /* AppDelegate.m in Sources */,
				003FD75A1B2A8493005BA38B /* main.m in Sources */,
			);
			runOnlyForDeploymentPostprocessing = 0;
		};
		003FD7691B2A8493005BA38B /* Sources */ = {
			isa = PBXSourcesBuildPhase;
			buildActionMask = 2147483647;
			files = (
				003FD7741B2A8493005BA38B /* NSURLSessionExampleTests.m in Sources */,
			);
			runOnlyForDeploymentPostprocessing = 0;
		};
/* End PBXSourcesBuildPhase section */

/* Begin PBXTargetDependency section */
		003FD76F1B2A8493005BA38B /* PBXTargetDependency */ = {
			isa = PBXTargetDependency;
			target = 003FD7531B2A8493005BA38B /* NSURLSessionExample */;
			targetProxy = 003FD76E1B2A8493005BA38B /* PBXContainerItemProxy */;
		};
/* End PBXTargetDependency section */

/* Begin PBXVariantGroup section */
		003FD7611B2A8493005BA38B /* Main.storyboard */ = {
			isa = PBXVariantGroup;
			children = (
				003FD7621B2A8493005BA38B /* Base */,
			);
			name = Main.storyboard;
			sourceTree = "<group>";
		};
		003FD7661B2A8493005BA38B /* LaunchScreen.xib */ = {
			isa = PBXVariantGroup;
			children = (
				003FD7671B2A8493005BA38B /* Base */,
			);
			name = LaunchScreen.xib;
			sourceTree = "<group>";
		};
/* End PBXVariantGroup section */

/* Begin XCBuildConfiguration section */
		003FD7751B2A8493005BA38B /* Debug */ = {
			isa = XCBuildConfiguration;
			buildSettings = {
				ALWAYS_SEARCH_USER_PATHS = NO;
				CLANG_CXX_LANGUAGE_STANDARD = "gnu++0x";
				CLANG_CXX_LIBRARY = "libc++";
				CLANG_ENABLE_MODULES = YES;
				CLANG_ENABLE_OBJC_ARC = YES;
				CLANG_WARN_BOOL_CONVERSION = YES;
				CLANG_WARN_CONSTANT_CONVERSION = YES;
				CLANG_WARN_DIRECT_OBJC_ISA_USAGE = YES_ERROR;
				CLANG_WARN_EMPTY_BODY = YES;
				CLANG_WARN_ENUM_CONVERSION = YES;
				CLANG_WARN_INT_CONVERSION = YES;
				CLANG_WARN_OBJC_ROOT_CLASS = YES_ERROR;
				CLANG_WARN_UNREACHABLE_CODE = YES;
				CLANG_WARN__DUPLICATE_METHOD_MATCH = YES;
				"CODE_SIGN_IDENTITY[sdk=iphoneos*]" = "iPhone Developer";
				COPY_PHASE_STRIP = NO;
				DEBUG_INFORMATION_FORMAT = "dwarf-with-dsym";
				ENABLE_STRICT_OBJC_MSGSEND = YES;
				GCC_C_LANGUAGE_STANDARD = gnu99;
				GCC_DYNAMIC_NO_PIC = NO;
				GCC_NO_COMMON_BLOCKS = YES;
				GCC_OPTIMIZATION_LEVEL = 0;
				GCC_PREPROCESSOR_DEFINITIONS = (
					"DEBUG=1",
					"$(inherited)",
				);
				GCC_SYMBOLS_PRIVATE_EXTERN = NO;
				GCC_WARN_64_TO_32_BIT_CONVERSION = YES;
				GCC_WARN_ABOUT_RETURN_TYPE = YES_ERROR;
				GCC_WARN_UNDECLARED_SELECTOR = YES;
				GCC_WARN_UNINITIALIZED_AUTOS = YES_AGGRESSIVE;
				GCC_WARN_UNUSED_FUNCTION = YES;
				GCC_WARN_UNUSED_VARIABLE = YES;
				IPHONEOS_DEPLOYMENT_TARGET = 7.0;
				MTL_ENABLE_DEBUG_INFO = YES;
				ONLY_ACTIVE_ARCH = YES;
				SDKROOT = iphoneos;
			};
			name = Debug;
		};
		003FD7761B2A8493005BA38B /* Release */ = {
			isa = XCBuildConfiguration;
			buildSettings = {
				ALWAYS_SEARCH_USER_PATHS = NO;
				CLANG_CXX_LANGUAGE_STANDARD = "gnu++0x";
				CLANG_CXX_LIBRARY = "libc++";
				CLANG_ENABLE_MODULES = YES;
				CLANG_ENABLE_OBJC_ARC = YES;
				CLANG_WARN_BOOL_CONVERSION = YES;
				CLANG_WARN_CONSTANT_CONVERSION = YES;
				CLANG_WARN_DIRECT_OBJC_ISA_USAGE = YES_ERROR;
				CLANG_WARN_EMPTY_BODY = YES;
				CLANG_WARN_ENUM_CONVERSION = YES;
				CLANG_WARN_INT_CONVERSION = YES;
				CLANG_WARN_OBJC_ROOT_CLASS = YES_ERROR;
				CLANG_WARN_UNREACHABLE_CODE = YES;
				CLANG_WARN__DUPLICATE_METHOD_MATCH = YES;
				"CODE_SIGN_IDENTITY[sdk=iphoneos*]" = "iPhone Developer";
				COPY_PHASE_STRIP = NO;
				DEBUG_INFORMATION_FORMAT = "dwarf-with-dsym";
				ENABLE_NS_ASSERTIONS = NO;
				ENABLE_STRICT_OBJC_MSGSEND = YES;
				GCC_C_LANGUAGE_STANDARD = gnu99;
				GCC_NO_COMMON_BLOCKS = YES;
				GCC_WARN_64_TO_32_BIT_CONVERSION = YES;
				GCC_WARN_ABOUT_RETURN_TYPE = YES_ERROR;
				GCC_WARN_UNDECLARED_SELECTOR = YES;
				GCC_WARN_UNINITIALIZED_AUTOS = YES_AGGRESSIVE;
				GCC_WARN_UNUSED_FUNCTION = YES;
				GCC_WARN_UNUSED_VARIABLE = YES;
				IPHONEOS_DEPLOYMENT_TARGET = 7.0;
				MTL_ENABLE_DEBUG_INFO = NO;
				SDKROOT = iphoneos;
				VALIDATE_PRODUCT = YES;
			};
			name = Release;
		};
		003FD7781B2A8493005BA38B /* Debug */ = {
			isa = XCBuildConfiguration;
			buildSettings = {
				ASSETCATALOG_COMPILER_APPICON_NAME = AppIcon;
				INFOPLIST_FILE = NSURLSessionExample/Info.plist;
				IPHONEOS_DEPLOYMENT_TARGET = 7.0;
				LD_RUNPATH_SEARCH_PATHS = "$(inherited) @executable_path/Frameworks";
				PRODUCT_NAME = "$(TARGET_NAME)";
			};
			name = Debug;
		};
		003FD7791B2A8493005BA38B /* Release */ = {
			isa = XCBuildConfiguration;
			buildSettings = {
				ASSETCATALOG_COMPILER_APPICON_NAME = AppIcon;
				INFOPLIST_FILE = NSURLSessionExample/Info.plist;
				IPHONEOS_DEPLOYMENT_TARGET = 7.0;
				LD_RUNPATH_SEARCH_PATHS = "$(inherited) @executable_path/Frameworks";
				PRODUCT_NAME = "$(TARGET_NAME)";
			};
			name = Release;
		};
		003FD77B1B2A8493005BA38B /* Debug */ = {
			isa = XCBuildConfiguration;
			buildSettings = {
				BUNDLE_LOADER = "$(TEST_HOST)";
				FRAMEWORK_SEARCH_PATHS = (
					"$(SDKROOT)/Developer/Library/Frameworks",
					"$(inherited)",
				);
				GCC_PREPROCESSOR_DEFINITIONS = (
					"DEBUG=1",
					"$(inherited)",
				);
				INFOPLIST_FILE = NSURLSessionExampleTests/Info.plist;
				LD_RUNPATH_SEARCH_PATHS = "$(inherited) @executable_path/Frameworks @loader_path/Frameworks";
				PRODUCT_NAME = "$(TARGET_NAME)";
				TEST_HOST = "$(BUILT_PRODUCTS_DIR)/NSURLSessionExample.app/NSURLSessionExample";
			};
			name = Debug;
		};
		003FD77C1B2A8493005BA38B /* Release */ = {
			isa = XCBuildConfiguration;
			buildSettings = {
				BUNDLE_LOADER = "$(TEST_HOST)";
				FRAMEWORK_SEARCH_PATHS = (
					"$(SDKROOT)/Developer/Library/Frameworks",
					"$(inherited)",
				);
				INFOPLIST_FILE = NSURLSessionExampleTests/Info.plist;
				LD_RUNPATH_SEARCH_PATHS = "$(inherited) @executable_path/Frameworks @loader_path/Frameworks";
				PRODUCT_NAME = "$(TARGET_NAME)";
				TEST_HOST = "$(BUILT_PRODUCTS_DIR)/NSURLSessionExample.app/NSURLSessionExample";
			};
			name = Release;
		};
/* End XCBuildConfiguration section */

/* Begin XCConfigurationList section */
		003FD74F1B2A8493005BA38B /* Build configuration list for PBXProject "NSURLSessionExample" */ = {
			isa = XCConfigurationList;
			buildConfigurations = (
				003FD7751B2A8493005BA38B /* Debug */,
				003FD7761B2A8493005BA38B /* Release */,
			);
			defaultConfigurationIsVisible = 0;
			defaultConfigurationName = Release;
		};
		003FD7771B2A8493005BA38B /* Build configuration list for PBXNativeTarget "NSURLSessionExample" */ = {
			isa = XCConfigurationList;
			buildConfigurations = (
				003FD7781B2A8493005BA38B /* Debug */,
				003FD7791B2A8493005BA38B /* Release */,
			);
			defaultConfigurationIsVisible = 0;
		};
		003FD77A1B2A8493005BA38B /* Build configuration list for PBXNativeTarget "NSURLSessionExampleTests" */ = {
			isa = XCConfigurationList;
			buildConfigurations = (
				003FD77B1B2A8493005BA38B /* Debug */,
				003FD77C1B2A8493005BA38B /* Release */,
			);
			defaultConfigurationIsVisible = 0;
		};
/* End XCConfigurationList section */
	};
	rootObject = 003FD74C1B2A8493005BA38B /* Project object */;
}
